
Microsoft Visual Studio Solution File, Format Version 12.00
# Visual Studio Version 17
VisualStudioVersion = 17.4.33213.308
MinimumVisualStudioVersion = 10.0.40219.1
Project("{FAE04EC0-301F-11D3-BF4B-00C04F79EFBC}") = "MVVM", "MVVM.csproj", "{648FD23F-E1DD-44C8-B293-96A037054B5F}"
EndProject
Global
	GlobalSection(SolutionConfigurationPlatforms) = preSolution
		Debug|Any CPU = Debug|Any CPU
		Release|Any CPU = Release|Any CPU
	EndGlobalSection
	GlobalSection(ProjectConfigurationPlatforms) = postSolution
		{648FD23F-E1DD-44C8-B293-96A037054B5F}.Debug|Any CPU.ActiveCfg = Debug|Any CPU
		{648FD23F-E1DD-44C8-B293-96A037054B5F}.Debug|Any CPU.Build.0 = Debug|Any CPU
		{648FD23F-E1DD-44C8-B293-96A037054B5F}.Release|Any CPU.ActiveCfg = Release|Any CPU
		{648FD23F-E1DD-44C8-B293-96A037054B5F}.Release|Any CPU.Build.0 = Release|Any CPU
	EndGlobalSection
	GlobalSection(SolutionProperties) = preSolution
		HideSolutionNode = FALSE
	EndGlobalSection
	GlobalSection(ExtensibilityGlobals) = postSolution
		SolutionGuid = {4E66F9FC-BB2F-47DC-872F-A86DAEE40937}
	EndGlobalSection
EndGlobal
